{
    "name": "logitech-led",
    "version": "1.0.0",
    "lockfileVersion": 2,
    "requires": true,
    "packages": {
        "": {
            "name": "logitech-led",
            "version": "1.0.0",
            "license": "ISC",
            "dependencies": {
                "node-addon-api": "^1.1.0"
            },
            "devDependencies": {
                "@types/node": "^7.0.22",
                "typescript": "^4.1.3"
            }
        },
        "node_modules/@types/node": {
            "version": "7.10.14",
            "dev": true,
            "license": "MIT"
        },
        "node_modules/node-addon-api": {
            "version": "1.7.2",
            "license": "MIT"
        },
        "node_modules/typescript": {
            "version": "4.1.3",
            "dev": true,
            "license": "Apache-2.0",
            "bin": {
                "tsc": "bin/tsc",
                "tsserver": "bin/tsserver"
            },
            "engines": {
                "node": ">=4.2.0"
            }
        }
    },
    "dependencies": {
        "@types/node": {
            "version": "7.10.14",
            "dev": true
        },
        "node-addon-api": {
            "version": "1.7.2"
        },
        "typescript": {
            "version": "4.1.3",
            "dev": true
        }
    }
}
